{
  "requires": true,
  "lockfileVersion": 1,
  "dependencies": {
    "@babel/runtime": {
      "version": "7.7.2",
      "resolved": "https://registry.npmjs.org/@babel/runtime/-/runtime-7.7.2.tgz",
      "integrity": "sha512-JONRbXbTXc9WQE2mAZd1p0Z3DZ/6vaQIkgYMSTP3KjRCyd7rCZCcfhCyX+YjwcKxcZ82UrxbRD358bpExNgrjw==",
      "requires": {
        "regenerator-runtime": "^0.13.2"
      }
    },
    "@tannin/compile": {
      "version": "1.0.3",
      "resolved": "https://registry.npmjs.org/@tannin/compile/-/compile-1.0.3.tgz",
      "integrity": "sha512-OkPHvaM/hIHdSco3+ZO1hzkOtfEddn5a0veWft2aDLvKnbdj9VusiLKNdEE9by3hCZIIcb9aWF+iBorhfrQOfw==",
      "requires": {
        "@tannin/evaluate": "^1.1.1",
        "@tannin/postfix": "^1.0.2"
      }
    },
    "@tannin/evaluate": {
      "version": "1.1.1",
      "resolved": "https://registry.npmjs.org/@tannin/evaluate/-/evaluate-1.1.1.tgz",
      "integrity": "sha512-ALuSZHjrLHGnw0WxsHDHde74FJ2WW0Ck4rg3QBxFBCmxd6Wsac+e0HXfJ++Qion15LIOCmFhyVpWzawMgeBA8Q=="
    },
    "@tannin/plural-forms": {
      "version": "1.0.3",
      "resolved": "https://registry.npmjs.org/@tannin/plural-forms/-/plural-forms-1.0.3.tgz",
      "integrity": "sha512-IUr9+FiCnzCiB9aRio3FVNR8TNL9SmX2zkV6tmfWWwSclX4uTCykoGsDhTGKK+sZnMrdPCTmb/OxbtGNdVyV4g==",
      "requires": {
        "@tannin/compile": "^1.0.3"
      }
    },
    "@tannin/postfix": {
      "version": "1.0.2",
      "resolved": "https://registry.npmjs.org/@tannin/postfix/-/postfix-1.0.2.tgz",
      "integrity": "sha512-Nggtk7/ljfNPpAX8CjxxLkMKuO6u2gH1ozmTvGclWF2pNcxTf6YGghYNYNWZRKrimXGhQ8yZqvAHep7h80K04g=="
    },
    "@wordpress/i18n": {
      "version": "3.6.1",
      "resolved": "https://registry.npmjs.org/@wordpress/i18n/-/i18n-3.6.1.tgz",
      "integrity": "sha512-hrmhW53XZ5VAK9+DQjjTHoshnZHWGpj7w4q7jl7KMhONgzRtSdDaHtgNLHuwCZPAJzTFJbExU6b02lyrRogXzg==",
      "requires": {
        "@babel/runtime": "^7.4.4",
        "gettext-parser": "^1.3.1",
        "lodash": "^4.17.15",
        "memize": "^1.0.5",
        "sprintf-js": "^1.1.1",
        "tannin": "^1.1.0"
      }
    },
    "encoding": {
      "version": "0.1.12",
      "resolved": "https://registry.npmjs.org/encoding/-/encoding-0.1.12.tgz",
      "integrity": "sha1-U4tm8+5izRq1HsMjgp0flIDHS+s=",
      "requires": {
        "iconv-lite": "~0.4.13"
      }
    },
    "gettext-parser": {
      "version": "1.4.0",
      "resolved": "https://registry.npmjs.org/gettext-parser/-/gettext-parser-1.4.0.tgz",
      "integrity": "sha512-sedZYLHlHeBop/gZ1jdg59hlUEcpcZJofLq2JFwJT1zTqAU3l2wFv6IsuwFHGqbiT9DWzMUW4/em2+hspnmMMA==",
      "requires": {
        "encoding": "^0.1.12",
        "safe-buffer": "^5.1.1"
      }
    },
    "iconv-lite": {
      "version": "0.4.24",
      "resolved": "https://registry.npmjs.org/iconv-lite/-/iconv-lite-0.4.24.tgz",
      "integrity": "sha512-v3MXnZAcvnywkTUEZomIActle7RXXeedOR31wwl7VlyoXO4Qi9arvSenNQWne1TcRwhCL1HwLI21bEqdpj8/rA==",
      "requires": {
        "safer-buffer": ">= 2.1.2 < 3"
      }
    },
    "lodash": {
      "version": "4.17.15",
      "resolved": "https://registry.npmjs.org/lodash/-/lodash-4.17.15.tgz",
      "integrity": "sha512-8xOcRHvCjnocdS5cpwXQXVzmmh5e5+saE2QGoeQmbKmRS6J3VQppPOIt0MnmE+4xlZoumy0GPG0D0MVIQbNA1A=="
    },
    "memize": {
      "version": "1.0.5",
      "resolved": "https://registry.npmjs.org/memize/-/memize-1.0.5.tgz",
      "integrity": "sha512-Dm8Jhb5kiC4+ynYsVR4QDXKt+o2dfqGuY4hE2x+XlXZkdndlT80bJxfcMv5QGp/FCy6MhG7f5ElpmKPFKOSEpg=="
    },
    "regenerator-runtime": {
      "version": "0.13.3",
      "resolved": "https://registry.npmjs.org/regenerator-runtime/-/regenerator-runtime-0.13.3.tgz",
      "integrity": "sha512-naKIZz2GQ8JWh///G7L3X6LaQUAMp2lvb1rvwwsURe/VXwD6VMfr+/1NuNw3ag8v2kY1aQ/go5SNn79O9JU7yw=="
    },
    "safe-buffer": {
      "version": "5.2.0",
      "resolved": "https://registry.npmjs.org/safe-buffer/-/safe-buffer-5.2.0.tgz",
      "integrity": "sha512-fZEwUGbVl7kouZs1jCdMLdt95hdIv0ZeHg6L7qPeciMZhZ+/gdesW4wgTARkrFWEpspjEATAzUGPG8N2jJiwbg=="
    },
    "safer-buffer": {
      "version": "2.1.2",
      "resolved": "https://registry.npmjs.org/safer-buffer/-/safer-buffer-2.1.2.tgz",
      "integrity": "sha512-YZo3K82SD7Riyi0E1EQPojLz7kpepnSQI9IyPbHHg1XXXevb5dJI7tpyN2ADxGcQbHG7vcyRHk0cbwqcQriUtg=="
    },
    "sprintf-js": {
      "version": "1.1.2",
      "resolved": "https://registry.npmjs.org/sprintf-js/-/sprintf-js-1.1.2.tgz",
      "integrity": "sha512-VE0SOVEHCk7Qc8ulkWw3ntAzXuqf7S2lvwQaDLRnUeIEaKNQJzV6BwmLKhOqT61aGhfUMrXeaBk+oDGCzvhcug=="
    },
    "tannin": {
      "version": "1.1.0",
      "resolved": "https://registry.npmjs.org/tannin/-/tannin-1.1.0.tgz",
      "integrity": "sha512-LxhcXqpMHEOVeVKmuG5aCPPsTXFlO373vrWkqN7FSJBVLS6lFOAg8ZGzIyGhrOf7Ho3xB4jdGedY1gi/8J1FCA==",
      "requires": {
        "@tannin/plural-forms": "^1.0.3"
      }
    }
  }
}
